PODS:
  - AFNetworking (3.1.0):
    - AFNetworking/NSURLSession (= 3.1.0)
    - AFNetworking/Reachability (= 3.1.0)
    - AFNetworking/Security (= 3.1.0)
    - AFNetworking/Serialization (= 3.1.0)
    - AFNetworking/UIKit (= 3.1.0)
  - AFNetworking/NSURLSession (3.1.0):
    - AFNetworking/Reachability
    - AFNetworking/Security
    - AFNetworking/Serialization
  - AFNetworking/Reachability (3.1.0)
  - AFNetworking/Security (3.1.0)
  - AFNetworking/Serialization (3.1.0)
  - AFNetworking/UIKit (3.1.0):
    - AFNetworking/NSURLSession
  - JSONModel (1.7.0)
  - MQTTClient (0.9.9):
    - MQTTClient/Core (= 0.9.9)
  - MQTTClient/Core (0.9.9):
    - MQTTClient/Manager
    - MQTTClient/Min
  - MQTTClient/Manager (0.9.9):
    - MQTTClient/Min
  - MQTTClient/Min (0.9.9)

DEPENDENCIES:
  - AFNetworking
  - JSONModel
  - MQTTClient

SPEC CHECKSUMS:
  AFNetworking: 5e0e199f73d8626b11e79750991f5d173d1f8b67
  JSONModel: 840bc0fcffb24b8454d2c026bf26fea454b8e98d
  MQTTClient: 5a59e0ebcad95f86ad8fc04dd4b819a944e58e0c

PODFILE CHECKSUM: 024131c20f06fdf8fb2a69d628e2a1187184afcc

COCOAPODS: 1.2.1
